
Microsoft Visual Studio Solution File, Format Version 12.00
# Visual Studio Version 17
VisualStudioVersion = 17.9.34902.65
MinimumVisualStudioVersion = 10.0.40219.1
Project("{FAE04EC0-301F-11D3-BF4B-00C04F79EFBC}") = "srcTwitchDetector", "srcTwitchDetector.csproj", "{C620CBD4-08CA-4494-B536-CD3D6181CBD1}"
EndProject
Global
	GlobalSection(SolutionConfigurationPlatforms) = preSolution
		Debug|Any CPU = Debug|Any CPU
		Release|Any CPU = Release|Any CPU
	EndGlobalSection
	GlobalSection(ProjectConfigurationPlatforms) = postSolution
		{C620CBD4-08CA-4494-B536-CD3D6181CBD1}.Debug|Any CPU.ActiveCfg = Debug|Any CPU
		{C620CBD4-08CA-4494-B536-CD3D6181CBD1}.Debug|Any CPU.Build.0 = Debug|Any CPU
		{C620CBD4-08CA-4494-B536-CD3D6181CBD1}.Release|Any CPU.ActiveCfg = Release|Any CPU
		{C620CBD4-08CA-4494-B536-CD3D6181CBD1}.Release|Any CPU.Build.0 = Release|Any CPU
	EndGlobalSection
	GlobalSection(SolutionProperties) = preSolution
		HideSolutionNode = FALSE
	EndGlobalSection
	GlobalSection(ExtensibilityGlobals) = postSolution
		SolutionGuid = {D08F7049-B1E1-488F-BA81-CF2855F6F218}
	EndGlobalSection
EndGlobal
